
Microsoft Visual Studio Solution File, Format Version 12.00
# Visual Studio Version 17
VisualStudioVersion = 17.3.32929.385
MinimumVisualStudioVersion = 10.0.40219.1
Project("{9A19103F-16F7-4668-BE54-9A1E7A4F7556}") = "BookLoversProject.Domain", "BookLoversProject.Domain\BookLoversProject.Domain.csproj", "{257D86A2-D111-4D2C-8765-75F29705A283}"
EndProject
Project("{9A19103F-16F7-4668-BE54-9A1E7A4F7556}") = "BookLoversProject.Application", "BookLoversProject.Application\BookLoversProject.Application.csproj", "{6029029B-91B9-437F-8095-27F6A287FC36}"
EndProject
Project("{9A19103F-16F7-4668-BE54-9A1E7A4F7556}") = "BookLoversProject.Infrastructure", "BookLoversProject.Infrastructure\BookLoversProject.Infrastructure.csproj", "{CBBDFBB0-587E-461B-8021-E7868DAFFC41}"
	ProjectSection(ProjectDependencies) = postProject
		{257D86A2-D111-4D2C-8765-75F29705A283} = {257D86A2-D111-4D2C-8765-75F29705A283}
	EndProjectSection
EndProject
Project("{9A19103F-16F7-4668-BE54-9A1E7A4F7556}") = "BookLoversProject.Infrastructure.NUnitTest", "BookLoversProject.Infrastructure.NUnitTest\BookLoversProject.Infrastructure.NUnitTest.csproj", "{93FC35CE-4AEF-4C5C-A243-2C1ED066F4A3}"
EndProject
Project("{9A19103F-16F7-4668-BE54-9A1E7A4F7556}") = "BookLoversProject.Application.XUnitTest", "BookLoversProject.Application.XUnitTest\BookLoversProject.Application.XUnitTest.csproj", "{78A8FCA7-3332-4ADD-8C2F-1281217B1C53}"
EndProject
Project("{9A19103F-16F7-4668-BE54-9A1E7A4F7556}") = "BookLoversProject.Presentation", "BookLoversProject.Api\BookLoversProject.Presentation.csproj", "{3EC4CD80-7C79-4291-885C-B23E7301DF73}"
EndProject
Project("{9A19103F-16F7-4668-BE54-9A1E7A4F7556}") = "BookLoversProject.Presentation.UnitTest", "BookLoversProject.Presentation.UnitTest\BookLoversProject.Presentation.UnitTest.csproj", "{DA192C4B-891A-426F-B165-5E3AA3B4F650}"
EndProject
Project("{9A19103F-16F7-4668-BE54-9A1E7A4F7556}") = "BookLoversProject.Presentation.IntegrationTest", "BookLoversProject.Presentation.IntegrationTest\BookLoversProject.Presentation.IntegrationTest.csproj", "{4532A5F5-55A0-489B-8F45-3E8041FE667D}"
	ProjectSection(ProjectDependencies) = postProject
		{3EC4CD80-7C79-4291-885C-B23E7301DF73} = {3EC4CD80-7C79-4291-885C-B23E7301DF73}
	EndProjectSection
EndProject
Global
	GlobalSection(SolutionConfigurationPlatforms) = preSolution
		Debug|Any CPU = Debug|Any CPU
		Release|Any CPU = Release|Any CPU
	EndGlobalSection
	GlobalSection(ProjectConfigurationPlatforms) = postSolution
		{257D86A2-D111-4D2C-8765-75F29705A283}.Debug|Any CPU.ActiveCfg = Debug|Any CPU
		{257D86A2-D111-4D2C-8765-75F29705A283}.Debug|Any CPU.Build.0 = Debug|Any CPU
		{257D86A2-D111-4D2C-8765-75F29705A283}.Release|Any CPU.ActiveCfg = Release|Any CPU
		{257D86A2-D111-4D2C-8765-75F29705A283}.Release|Any CPU.Build.0 = Release|Any CPU
		{6029029B-91B9-437F-8095-27F6A287FC36}.Debug|Any CPU.ActiveCfg = Debug|Any CPU
		{6029029B-91B9-437F-8095-27F6A287FC36}.Debug|Any CPU.Build.0 = Debug|Any CPU
		{6029029B-91B9-437F-8095-27F6A287FC36}.Release|Any CPU.ActiveCfg = Release|Any CPU
		{6029029B-91B9-437F-8095-27F6A287FC36}.Release|Any CPU.Build.0 = Release|Any CPU
		{CBBDFBB0-587E-461B-8021-E7868DAFFC41}.Debug|Any CPU.ActiveCfg = Debug|Any CPU
		{CBBDFBB0-587E-461B-8021-E7868DAFFC41}.Debug|Any CPU.Build.0 = Debug|Any CPU
		{CBBDFBB0-587E-461B-8021-E7868DAFFC41}.Release|Any CPU.ActiveCfg = Release|Any CPU
		{CBBDFBB0-587E-461B-8021-E7868DAFFC41}.Release|Any CPU.Build.0 = Release|Any CPU
		{93FC35CE-4AEF-4C5C-A243-2C1ED066F4A3}.Debug|Any CPU.ActiveCfg = Debug|Any CPU
		{93FC35CE-4AEF-4C5C-A243-2C1ED066F4A3}.Debug|Any CPU.Build.0 = Debug|Any CPU
		{93FC35CE-4AEF-4C5C-A243-2C1ED066F4A3}.Release|Any CPU.ActiveCfg = Release|Any CPU
		{93FC35CE-4AEF-4C5C-A243-2C1ED066F4A3}.Release|Any CPU.Build.0 = Release|Any CPU
		{78A8FCA7-3332-4ADD-8C2F-1281217B1C53}.Debug|Any CPU.ActiveCfg = Debug|Any CPU
		{78A8FCA7-3332-4ADD-8C2F-1281217B1C53}.Debug|Any CPU.Build.0 = Debug|Any CPU
		{78A8FCA7-3332-4ADD-8C2F-1281217B1C53}.Release|Any CPU.ActiveCfg = Release|Any CPU
		{78A8FCA7-3332-4ADD-8C2F-1281217B1C53}.Release|Any CPU.Build.0 = Release|Any CPU
		{3EC4CD80-7C79-4291-885C-B23E7301DF73}.Debug|Any CPU.ActiveCfg = Debug|Any CPU
		{3EC4CD80-7C79-4291-885C-B23E7301DF73}.Debug|Any CPU.Build.0 = Debug|Any CPU
		{3EC4CD80-7C79-4291-885C-B23E7301DF73}.Release|Any CPU.ActiveCfg = Release|Any CPU
		{3EC4CD80-7C79-4291-885C-B23E7301DF73}.Release|Any CPU.Build.0 = Release|Any CPU
		{DA192C4B-891A-426F-B165-5E3AA3B4F650}.Debug|Any CPU.ActiveCfg = Debug|Any CPU
		{DA192C4B-891A-426F-B165-5E3AA3B4F650}.Debug|Any CPU.Build.0 = Debug|Any CPU
		{DA192C4B-891A-426F-B165-5E3AA3B4F650}.Release|Any CPU.ActiveCfg = Release|Any CPU
		{DA192C4B-891A-426F-B165-5E3AA3B4F650}.Release|Any CPU.Build.0 = Release|Any CPU
		{4532A5F5-55A0-489B-8F45-3E8041FE667D}.Debug|Any CPU.ActiveCfg = Debug|Any CPU
		{4532A5F5-55A0-489B-8F45-3E8041FE667D}.Debug|Any CPU.Build.0 = Debug|Any CPU
		{4532A5F5-55A0-489B-8F45-3E8041FE667D}.Release|Any CPU.ActiveCfg = Release|Any CPU
		{4532A5F5-55A0-489B-8F45-3E8041FE667D}.Release|Any CPU.Build.0 = Release|Any CPU
	EndGlobalSection
	GlobalSection(SolutionProperties) = preSolution
		HideSolutionNode = FALSE
	EndGlobalSection
	GlobalSection(ExtensibilityGlobals) = postSolution
		SolutionGuid = {966A6D4C-22AB-49F9-9B9C-06D2F73B6DD8}
	EndGlobalSection
EndGlobal
